
Microsoft Visual Studio Solution File, Format Version 12.00
# Visual Studio Version 17
VisualStudioVersion = 17.8.34408.163
MinimumVisualStudioVersion = 10.0.40219.1
Project("{FAE04EC0-301F-11D3-BF4B-00C04F79EFBC}") = "Csharp and Database", "Csharp and Database\Csharp and Database.csproj", "{08091FAD-CEB4-47D0-8992-0FFABA7BDC8F}"
EndProject
Global
	GlobalSection(SolutionConfigurationPlatforms) = preSolution
		Debug|Any CPU = Debug|Any CPU
		Release|Any CPU = Release|Any CPU
	EndGlobalSection
	GlobalSection(ProjectConfigurationPlatforms) = postSolution
		{08091FAD-CEB4-47D0-8992-0FFABA7BDC8F}.Debug|Any CPU.ActiveCfg = Debug|Any CPU
		{08091FAD-CEB4-47D0-8992-0FFABA7BDC8F}.Debug|Any CPU.Build.0 = Debug|Any CPU
		{08091FAD-CEB4-47D0-8992-0FFABA7BDC8F}.Release|Any CPU.ActiveCfg = Release|Any CPU
		{08091FAD-CEB4-47D0-8992-0FFABA7BDC8F}.Release|Any CPU.Build.0 = Release|Any CPU
	EndGlobalSection
	GlobalSection(SolutionProperties) = preSolution
		HideSolutionNode = FALSE
	EndGlobalSection
	GlobalSection(ExtensibilityGlobals) = postSolution
		SolutionGuid = {95251C0B-DE78-4F45-99AC-3C6505541E43}
	EndGlobalSection
EndGlobal
